{
  "requires": true,
  "lockfileVersion": 1,
  "dependencies": {
    "pushbots-cordova-plugin": {
      "version": "1.6.15-rc8",
      "resolved": "https://registry.npmjs.org/pushbots-cordova-plugin/-/pushbots-cordova-plugin-1.6.15-rc8.tgz",
      "integrity": "sha512-q6SOhPgQjVflWA4XPX0N2aSSjx9YGbyVfrOsENLOEXMwQfuVYOPi7IPeId3tvVimKCx7Q4bNNJM2DECAml9kIA=="
    }
  }
}
